
Microsoft Visual Studio Solution File, Format Version 12.00
# Visual Studio Version 17
VisualStudioVersion = 17.5.33627.172
MinimumVisualStudioVersion = 10.0.40219.1
Project("{9A19103F-16F7-4668-BE54-9A1E7A4F7556}") = "wepAPI", "wepAPI\wepAPI.csproj", "{8C04D8C4-3ADD-42AA-9E87-0B1C53E7496E}"
EndProject
Project("{9A19103F-16F7-4668-BE54-9A1E7A4F7556}") = "Entity", "Entity\Entity.csproj", "{54AD1AAA-959D-46B7-BFFB-8B1B1A76C482}"
EndProject
Project("{9A19103F-16F7-4668-BE54-9A1E7A4F7556}") = "Dal", "Dal\Dal.csproj", "{EC2CBA98-5ECC-4F91-BD40-F7B67921E87A}"
	ProjectSection(ProjectDependencies) = postProject
		{BC853E13-05D3-4D7F-AE78-3B731A4DD39B} = {BC853E13-05D3-4D7F-AE78-3B731A4DD39B}
	EndProjectSection
EndProject
Project("{9A19103F-16F7-4668-BE54-9A1E7A4F7556}") = "Bll", "Bll\Bll.csproj", "{F4FB2E97-A5C1-4C07-B8E7-97802D0EB8B3}"
EndProject
Project("{9A19103F-16F7-4668-BE54-9A1E7A4F7556}") = "Dto", "Dto\Dto.csproj", "{BC853E13-05D3-4D7F-AE78-3B731A4DD39B}"
	ProjectSection(ProjectDependencies) = postProject
		{54AD1AAA-959D-46B7-BFFB-8B1B1A76C482} = {54AD1AAA-959D-46B7-BFFB-8B1B1A76C482}
	EndProjectSection
EndProject
Project("{FAE04EC0-301F-11D3-BF4B-00C04F79EFBC}") = "ValidationAttributes", "ValidationAttributes\ValidationAttributes.csproj", "{0240AEE7-E702-41C4-BBB5-5D9DE7721692}"
EndProject
Global
	GlobalSection(SolutionConfigurationPlatforms) = preSolution
		Debug|Any CPU = Debug|Any CPU
		Release|Any CPU = Release|Any CPU
	EndGlobalSection
	GlobalSection(ProjectConfigurationPlatforms) = postSolution
		{8C04D8C4-3ADD-42AA-9E87-0B1C53E7496E}.Debug|Any CPU.ActiveCfg = Debug|Any CPU
		{8C04D8C4-3ADD-42AA-9E87-0B1C53E7496E}.Debug|Any CPU.Build.0 = Debug|Any CPU
		{8C04D8C4-3ADD-42AA-9E87-0B1C53E7496E}.Release|Any CPU.ActiveCfg = Release|Any CPU
		{8C04D8C4-3ADD-42AA-9E87-0B1C53E7496E}.Release|Any CPU.Build.0 = Release|Any CPU
		{54AD1AAA-959D-46B7-BFFB-8B1B1A76C482}.Debug|Any CPU.ActiveCfg = Debug|Any CPU
		{54AD1AAA-959D-46B7-BFFB-8B1B1A76C482}.Debug|Any CPU.Build.0 = Debug|Any CPU
		{54AD1AAA-959D-46B7-BFFB-8B1B1A76C482}.Release|Any CPU.ActiveCfg = Release|Any CPU
		{54AD1AAA-959D-46B7-BFFB-8B1B1A76C482}.Release|Any CPU.Build.0 = Release|Any CPU
		{EC2CBA98-5ECC-4F91-BD40-F7B67921E87A}.Debug|Any CPU.ActiveCfg = Debug|Any CPU
		{EC2CBA98-5ECC-4F91-BD40-F7B67921E87A}.Debug|Any CPU.Build.0 = Debug|Any CPU
		{EC2CBA98-5ECC-4F91-BD40-F7B67921E87A}.Release|Any CPU.ActiveCfg = Release|Any CPU
		{EC2CBA98-5ECC-4F91-BD40-F7B67921E87A}.Release|Any CPU.Build.0 = Release|Any CPU
		{F4FB2E97-A5C1-4C07-B8E7-97802D0EB8B3}.Debug|Any CPU.ActiveCfg = Debug|Any CPU
		{F4FB2E97-A5C1-4C07-B8E7-97802D0EB8B3}.Debug|Any CPU.Build.0 = Debug|Any CPU
		{F4FB2E97-A5C1-4C07-B8E7-97802D0EB8B3}.Release|Any CPU.ActiveCfg = Release|Any CPU
		{F4FB2E97-A5C1-4C07-B8E7-97802D0EB8B3}.Release|Any CPU.Build.0 = Release|Any CPU
		{BC853E13-05D3-4D7F-AE78-3B731A4DD39B}.Debug|Any CPU.ActiveCfg = Debug|Any CPU
		{BC853E13-05D3-4D7F-AE78-3B731A4DD39B}.Debug|Any CPU.Build.0 = Debug|Any CPU
		{BC853E13-05D3-4D7F-AE78-3B731A4DD39B}.Release|Any CPU.ActiveCfg = Release|Any CPU
		{BC853E13-05D3-4D7F-AE78-3B731A4DD39B}.Release|Any CPU.Build.0 = Release|Any CPU
		{0240AEE7-E702-41C4-BBB5-5D9DE7721692}.Debug|Any CPU.ActiveCfg = Debug|Any CPU
		{0240AEE7-E702-41C4-BBB5-5D9DE7721692}.Debug|Any CPU.Build.0 = Debug|Any CPU
		{0240AEE7-E702-41C4-BBB5-5D9DE7721692}.Release|Any CPU.ActiveCfg = Release|Any CPU
		{0240AEE7-E702-41C4-BBB5-5D9DE7721692}.Release|Any CPU.Build.0 = Release|Any CPU
	EndGlobalSection
	GlobalSection(SolutionProperties) = preSolution
		HideSolutionNode = FALSE
	EndGlobalSection
	GlobalSection(ExtensibilityGlobals) = postSolution
		SolutionGuid = {81B4F555-48CC-45A5-AB17-2066C43EC88F}
	EndGlobalSection
EndGlobal
